
Microsoft Visual Studio Solution File, Format Version 12.00
# Visual Studio 15
VisualStudioVersion = 15.0.28010.2041
MinimumVisualStudioVersion = 10.0.40219.1
Project("{8BC9CEB8-8B4A-11D0-8D11-00A0C91BC942}") = "15", "15\15.vcxproj", "{CD1FC595-CBCB-41A5-84B8-9081A5721383}"
EndProject
Global
	GlobalSection(SolutionConfigurationPlatforms) = preSolution
		Debug|x64 = Debug|x64
		Debug|x86 = Debug|x86
		Release|x64 = Release|x64
		Release|x86 = Release|x86
	EndGlobalSection
	GlobalSection(ProjectConfigurationPlatforms) = postSolution
		{CD1FC595-CBCB-41A5-84B8-9081A5721383}.Debug|x64.ActiveCfg = Debug|x64
		{CD1FC595-CBCB-41A5-84B8-9081A5721383}.Debug|x64.Build.0 = Debug|x64
		{CD1FC595-CBCB-41A5-84B8-9081A5721383}.Debug|x86.ActiveCfg = Debug|Win32
		{CD1FC595-CBCB-41A5-84B8-9081A5721383}.Debug|x86.Build.0 = Debug|Win32
		{CD1FC595-CBCB-41A5-84B8-9081A5721383}.Release|x64.ActiveCfg = Release|x64
		{CD1FC595-CBCB-41A5-84B8-9081A5721383}.Release|x64.Build.0 = Release|x64
		{CD1FC595-CBCB-41A5-84B8-9081A5721383}.Release|x86.ActiveCfg = Release|Win32
		{CD1FC595-CBCB-41A5-84B8-9081A5721383}.Release|x86.Build.0 = Release|Win32
	EndGlobalSection
	GlobalSection(SolutionProperties) = preSolution
		HideSolutionNode = FALSE
	EndGlobalSection
	GlobalSection(ExtensibilityGlobals) = postSolution
		SolutionGuid = {2FAED5E1-84D9-4B0D-A7EF-AA0B577E4CBC}
	EndGlobalSection
EndGlobal
